
Microsoft Visual Studio Solution File, Format Version 12.00
# Visual Studio Version 17
VisualStudioVersion = 17.5.33502.453
MinimumVisualStudioVersion = 10.0.40219.1
Project("{FAE04EC0-301F-11D3-BF4B-00C04F79EFBC}") = "Interfejs", "Interfejs.csproj", "{29DE1E7F-A939-4D34-9957-445E023F45A0}"
EndProject
Global
	GlobalSection(SolutionConfigurationPlatforms) = preSolution
		Debug|Any CPU = Debug|Any CPU
		Release|Any CPU = Release|Any CPU
	EndGlobalSection
	GlobalSection(ProjectConfigurationPlatforms) = postSolution
		{29DE1E7F-A939-4D34-9957-445E023F45A0}.Debug|Any CPU.ActiveCfg = Debug|Any CPU
		{29DE1E7F-A939-4D34-9957-445E023F45A0}.Debug|Any CPU.Build.0 = Debug|Any CPU
		{29DE1E7F-A939-4D34-9957-445E023F45A0}.Release|Any CPU.ActiveCfg = Release|Any CPU
		{29DE1E7F-A939-4D34-9957-445E023F45A0}.Release|Any CPU.Build.0 = Release|Any CPU
	EndGlobalSection
	GlobalSection(SolutionProperties) = preSolution
		HideSolutionNode = FALSE
	EndGlobalSection
	GlobalSection(ExtensibilityGlobals) = postSolution
		SolutionGuid = {380169AF-2FC9-42C1-ABF2-D399BF97EC9E}
	EndGlobalSection
EndGlobal
